
Microsoft Visual Studio Solution File, Format Version 12.00
# Visual Studio Version 17
VisualStudioVersion = 17.5.002.0
MinimumVisualStudioVersion = 10.0.40219.1
Project("{9A19103F-16F7-4668-BE54-9A1E7A4F7556}") = "NeuralNetwork", "NeuralNetwork.csproj", "{29C0710D-487F-4B80-A570-AAB87BC159C2}"
EndProject
Global
	GlobalSection(SolutionConfigurationPlatforms) = preSolution
		Debug|Any CPU = Debug|Any CPU
		Release|Any CPU = Release|Any CPU
	EndGlobalSection
	GlobalSection(ProjectConfigurationPlatforms) = postSolution
		{29C0710D-487F-4B80-A570-AAB87BC159C2}.Debug|Any CPU.ActiveCfg = Debug|Any CPU
		{29C0710D-487F-4B80-A570-AAB87BC159C2}.Debug|Any CPU.Build.0 = Debug|Any CPU
		{29C0710D-487F-4B80-A570-AAB87BC159C2}.Release|Any CPU.ActiveCfg = Release|Any CPU
		{29C0710D-487F-4B80-A570-AAB87BC159C2}.Release|Any CPU.Build.0 = Release|Any CPU
	EndGlobalSection
	GlobalSection(SolutionProperties) = preSolution
		HideSolutionNode = FALSE
	EndGlobalSection
	GlobalSection(ExtensibilityGlobals) = postSolution
		SolutionGuid = {B8DF009B-A9F9-42C2-AC72-B105B1533EAE}
	EndGlobalSection
EndGlobal
